
Microsoft Visual Studio Solution File, Format Version 12.00
# Visual Studio 15
VisualStudioVersion = 15.0.27703.2018
MinimumVisualStudioVersion = 10.0.40219.1
Project("{FAE04EC0-301F-11D3-BF4B-00C04F79EFBC}") = "CrosswordPuzzleCheater", "CrosswordPuzzleCheater\CrosswordPuzzleCheater.csproj", "{8C486C2F-D65D-44CA-B84F-CCF894B22AD1}"
EndProject
Global
	GlobalSection(SolutionConfigurationPlatforms) = preSolution
		Debug|Any CPU = Debug|Any CPU
		Release|Any CPU = Release|Any CPU
	EndGlobalSection
	GlobalSection(ProjectConfigurationPlatforms) = postSolution
		{8C486C2F-D65D-44CA-B84F-CCF894B22AD1}.Debug|Any CPU.ActiveCfg = Debug|Any CPU
		{8C486C2F-D65D-44CA-B84F-CCF894B22AD1}.Debug|Any CPU.Build.0 = Debug|Any CPU
		{8C486C2F-D65D-44CA-B84F-CCF894B22AD1}.Release|Any CPU.ActiveCfg = Release|Any CPU
		{8C486C2F-D65D-44CA-B84F-CCF894B22AD1}.Release|Any CPU.Build.0 = Release|Any CPU
	EndGlobalSection
	GlobalSection(SolutionProperties) = preSolution
		HideSolutionNode = FALSE
	EndGlobalSection
	GlobalSection(ExtensibilityGlobals) = postSolution
		SolutionGuid = {646EB8B9-54EC-421C-A1ED-ADAC6831BD09}
	EndGlobalSection
	GlobalSection(TeamFoundationVersionControl) = preSolution
		SccNumberOfProjects = 2
		SccEnterpriseProvider = {4CA58AB2-18FA-4F8D-95D4-32DDF27D184C}
		SccTeamFoundationServer = https://codefabricator.visualstudio.com/
		SccLocalPath0 = .
		SccProjectUniqueName1 = CrosswordPuzzleCheater\\CrosswordPuzzleCheater.csproj
		SccProjectName1 = CrosswordPuzzleCheater
		SccLocalPath1 = CrosswordPuzzleCheater
	EndGlobalSection
EndGlobal
